{
  "version": 4,
  "terraform_version": "1.6.4",
  "serial": 16,
  "lineage": "7f129159-ec23-4ff1-93b1-9e42dc4383c6",
  "outputs": {},
  "resources": [
    {
      "mode": "data",
      "type": "google_firebase_web_app_config",
      "name": "example",
      "provider": "provider[\"registry.terraform.io/hashicorp/google-beta\"]",
      "instances": [
        {
          "schema_version": 0,
          "attributes": {
            "api_key": "AIzaSyCGsWq3-lelDyhyli_5v8nTygtqq8chMUg",
            "auth_domain": "bookin-2b6dd.firebaseapp.com",
            "database_url": "",
            "id": "1:352556618351:web:3ff15b56a9cbae64e0b39a",
            "location_id": "",
            "measurement_id": "",
            "messaging_sender_id": "352556618351",
            "project": "bookin-2b6dd",
            "storage_bucket": "bookin-2b6dd.firebasestorage.app",
            "web_app_id": "1:352556618351:web:3ff15b56a9cbae64e0b39a"
          },
          "sensitive_attributes": []
        }
      ]
    },
    {
      "mode": "data",
      "type": "google_project",
      "name": "project",
      "provider": "provider[\"registry.terraform.io/hashicorp/google-beta\"]",
      "instances": [
        {
          "schema_version": 0,
          "attributes": {
            "auto_create_network": null,
            "billing_account": null,
            "deletion_policy": "DELETE",
            "effective_labels": {
              "firebase": "enabled",
              "firebase-core": "disabled"
            },
            "folder_id": null,
            "id": "projects/bookin-2b6dd",
            "labels": {
              "firebase": "enabled",
              "firebase-core": "disabled"
            },
            "name": "Bookin",
            "number": "352556618351",
            "org_id": null,
            "project_id": "bookin-2b6dd",
            "skip_delete": null,
            "terraform_labels": {
              "firebase": "enabled",
              "firebase-core": "disabled"
            }
          },
          "sensitive_attributes": []
        }
      ]
    },
    {
      "mode": "managed",
      "type": "google_apikeys_key",
      "name": "generativelanguage",
      "provider": "provider[\"registry.terraform.io/hashicorp/google-beta\"]",
      "instances": [
        {
          "schema_version": 0,
          "attributes": {
            "display_name": "Gemini API Key",
            "id": "projects/bookin-2b6dd/locations/global/keys/gemini-api-key",
            "key_string": "AIzaSyCIA7OO5Ib2LnQDf1Ug5vLDt8DtAfmQpP8",
            "name": "gemini-api-key",
            "project": "bookin-2b6dd",
            "restrictions": [
              {
                "android_key_restrictions": [],
                "api_targets": [
                  {
                    "methods": null,
                    "service": "generativelanguage.googleapis.com"
                  }
                ],
                "browser_key_restrictions": [
                  {
                    "allowed_referrers": [
                      "*"
                    ]
                  }
                ],
                "ios_key_restrictions": [],
                "server_key_restrictions": []
              }
            ],
            "timeouts": null,
            "uid": "9da25838-7ab5-4300-98cf-191e87109b0c"
          },
          "sensitive_attributes": [],
          "private": "eyJlMmJmYjczMC1lY2FhLTExZTYtOGY4OC0zNDM2M2JjN2M0YzAiOnsiY3JlYXRlIjoxMjAwMDAwMDAwMDAwLCJkZWxldGUiOjEyMDAwMDAwMDAwMDAsInVwZGF0ZSI6MTIwMDAwMDAwMDAwMH19",
          "dependencies": [
            "google_project_service.services"
          ]
        }
      ]
    },
    {
      "mode": "managed",
      "type": "google_firebase_web_app",
      "name": "example",
      "provider": "provider[\"registry.terraform.io/hashicorp/google-beta\"]",
      "instances": [
        {
          "schema_version": 0,
          "attributes": {
            "api_key_id": "c26f8b65-b22f-487c-9424-a08c2f693623",
            "app_id": "1:352556618351:web:3ff15b56a9cbae64e0b39a",
            "app_urls": [],
            "deletion_policy": "DELETE",
            "display_name": "Make It So AI!",
            "id": "projects/bookin-2b6dd/webApps/1:352556618351:web:3ff15b56a9cbae64e0b39a",
            "name": "projects/bookin-2b6dd/webApps/1:352556618351:web:3ff15b56a9cbae64e0b39a",
            "project": "bookin-2b6dd",
            "timeouts": null
          },
          "sensitive_attributes": [],
          "private": "eyJlMmJmYjczMC1lY2FhLTExZTYtOGY4OC0zNDM2M2JjN2M0YzAiOnsiY3JlYXRlIjoxMjAwMDAwMDAwMDAwLCJkZWxldGUiOjEyMDAwMDAwMDAwMDAsInVwZGF0ZSI6MTIwMDAwMDAwMDAwMH19"
        }
      ]
    },
    {
      "mode": "managed",
      "type": "google_firebaserules_release",
      "name": "firestore",
      "provider": "provider[\"registry.terraform.io/hashicorp/google-beta\"]",
      "instances": [
        {
          "schema_version": 0,
          "attributes": {
            "create_time": "2025-04-25T11:04:23.615076Z",
            "disabled": false,
            "id": "projects/bookin-2b6dd/releases/cloud.firestore",
            "name": "cloud.firestore",
            "project": "bookin-2b6dd",
            "ruleset_name": "ed6721cc-96b1-4cd8-a281-db627aaa6153",
            "timeouts": null,
            "update_time": "2025-04-25T11:04:23.615076Z"
          },
          "sensitive_attributes": [],
          "private": "eyJlMmJmYjczMC1lY2FhLTExZTYtOGY4OC0zNDM2M2JjN2M0YzAiOnsiY3JlYXRlIjoxMjAwMDAwMDAwMDAwLCJkZWxldGUiOjEyMDAwMDAwMDAwMDB9fQ==",
          "dependencies": [
            "google_firebaserules_ruleset.firestore",
            "google_firestore_database.database",
            "google_project_service.services",
            "local_file.firestore_rules"
          ]
        }
      ]
    },
    {
      "mode": "managed",
      "type": "google_firebaserules_ruleset",
      "name": "firestore",
      "provider": "provider[\"registry.terraform.io/hashicorp/google-beta\"]",
      "instances": [
        {
          "schema_version": 0,
          "attributes": {
            "create_time": "2025-04-25T11:04:21.868515Z",
            "id": "projects/bookin-2b6dd/rulesets/ed6721cc-96b1-4cd8-a281-db627aaa6153",
            "metadata": [
              {
                "services": [
                  "cloud.firestore"
                ]
              }
            ],
            "name": "ed6721cc-96b1-4cd8-a281-db627aaa6153",
            "project": "bookin-2b6dd",
            "source": [
              {
                "files": [
                  {
                    "content": "service cloud.firestore {\n  match /databases/{database}/documents/{document=**} {\n    allow read, write: if request.auth != null \u0026\u0026 request.time \u003c timestamp.date(2025, 5, 25);\n  }\n}\n",
                    "fingerprint": "",
                    "name": "firestore.rules"
                  }
                ],
                "language": ""
              }
            ],
            "timeouts": null
          },
          "sensitive_attributes": [],
          "private": "eyJlMmJmYjczMC1lY2FhLTExZTYtOGY4OC0zNDM2M2JjN2M0YzAiOnsiY3JlYXRlIjoxMjAwMDAwMDAwMDAwLCJkZWxldGUiOjEyMDAwMDAwMDAwMDB9fQ==",
          "dependencies": [
            "google_firestore_database.database",
            "google_project_service.services",
            "local_file.firestore_rules"
          ]
        }
      ]
    },
    {
      "mode": "managed",
      "type": "google_firestore_database",
      "name": "database",
      "provider": "provider[\"registry.terraform.io/hashicorp/google-beta\"]",
      "instances": [
        {
          "schema_version": 0,
          "attributes": {
            "app_engine_integration_mode": "DISABLED",
            "cmek_config": [],
            "concurrency_mode": "PESSIMISTIC",
            "create_time": "",
            "delete_protection_state": "DELETE_PROTECTION_DISABLED",
            "deletion_policy": "ABANDON",
            "earliest_version_time": "2025-04-25T11:04:09.334828Z",
            "etag": "IKjr7t6E84wDMKzwptmE84wD",
            "id": "projects/bookin-2b6dd/databases/(default)",
            "key_prefix": "",
            "location_id": "nam5",
            "name": "(default)",
            "point_in_time_recovery_enablement": "POINT_IN_TIME_RECOVERY_DISABLED",
            "project": "bookin-2b6dd",
            "timeouts": null,
            "type": "FIRESTORE_NATIVE",
            "uid": "9a7b9362-7d0d-4bcb-bc5c-237893c739a4",
            "update_time": "",
            "version_retention_period": "3600s"
          },
          "sensitive_attributes": [],
          "private": "eyJlMmJmYjczMC1lY2FhLTExZTYtOGY4OC0zNDM2M2JjN2M0YzAiOnsiY3JlYXRlIjoxMjAwMDAwMDAwMDAwLCJkZWxldGUiOjEyMDAwMDAwMDAwMDAsInVwZGF0ZSI6MTIwMDAwMDAwMDAwMH19",
          "dependencies": [
            "google_project_service.services"
          ]
        }
      ]
    },
    {
      "mode": "managed",
      "type": "google_project_service",
      "name": "services",
      "provider": "provider[\"registry.terraform.io/hashicorp/google-beta\"]",
      "instances": [
        {
          "index_key": "apikeys.googleapis.com",
          "schema_version": 0,
          "attributes": {
            "check_if_service_has_usage_on_destroy": false,
            "disable_dependent_services": null,
            "disable_on_destroy": false,
            "id": "bookin-2b6dd/apikeys.googleapis.com",
            "project": "bookin-2b6dd",
            "service": "apikeys.googleapis.com",
            "timeouts": null
          },
          "sensitive_attributes": [],
          "private": "eyJlMmJmYjczMC1lY2FhLTExZTYtOGY4OC0zNDM2M2JjN2M0YzAiOnsiY3JlYXRlIjoxMjAwMDAwMDAwMDAwLCJkZWxldGUiOjEyMDAwMDAwMDAwMDAsInJlYWQiOjYwMDAwMDAwMDAwMCwidXBkYXRlIjoxMjAwMDAwMDAwMDAwfX0="
        },
        {
          "index_key": "firebaserules.googleapis.com",
          "schema_version": 0,
          "attributes": {
            "check_if_service_has_usage_on_destroy": false,
            "disable_dependent_services": null,
            "disable_on_destroy": false,
            "id": "bookin-2b6dd/firebaserules.googleapis.com",
            "project": "bookin-2b6dd",
            "service": "firebaserules.googleapis.com",
            "timeouts": null
          },
          "sensitive_attributes": [],
          "private": "eyJlMmJmYjczMC1lY2FhLTExZTYtOGY4OC0zNDM2M2JjN2M0YzAiOnsiY3JlYXRlIjoxMjAwMDAwMDAwMDAwLCJkZWxldGUiOjEyMDAwMDAwMDAwMDAsInJlYWQiOjYwMDAwMDAwMDAwMCwidXBkYXRlIjoxMjAwMDAwMDAwMDAwfX0="
        },
        {
          "index_key": "firestore.googleapis.com",
          "schema_version": 0,
          "attributes": {
            "check_if_service_has_usage_on_destroy": false,
            "disable_dependent_services": null,
            "disable_on_destroy": false,
            "id": "bookin-2b6dd/firestore.googleapis.com",
            "project": "bookin-2b6dd",
            "service": "firestore.googleapis.com",
            "timeouts": null
          },
          "sensitive_attributes": [],
          "private": "eyJlMmJmYjczMC1lY2FhLTExZTYtOGY4OC0zNDM2M2JjN2M0YzAiOnsiY3JlYXRlIjoxMjAwMDAwMDAwMDAwLCJkZWxldGUiOjEyMDAwMDAwMDAwMDAsInJlYWQiOjYwMDAwMDAwMDAwMCwidXBkYXRlIjoxMjAwMDAwMDAwMDAwfX0="
        },
        {
          "index_key": "generativelanguage.googleapis.com",
          "schema_version": 0,
          "attributes": {
            "check_if_service_has_usage_on_destroy": false,
            "disable_dependent_services": null,
            "disable_on_destroy": false,
            "id": "bookin-2b6dd/generativelanguage.googleapis.com",
            "project": "bookin-2b6dd",
            "service": "generativelanguage.googleapis.com",
            "timeouts": null
          },
          "sensitive_attributes": [],
          "private": "eyJlMmJmYjczMC1lY2FhLTExZTYtOGY4OC0zNDM2M2JjN2M0YzAiOnsiY3JlYXRlIjoxMjAwMDAwMDAwMDAwLCJkZWxldGUiOjEyMDAwMDAwMDAwMDAsInJlYWQiOjYwMDAwMDAwMDAwMCwidXBkYXRlIjoxMjAwMDAwMDAwMDAwfX0="
        },
        {
          "index_key": "serviceusage.googleapis.com",
          "schema_version": 0,
          "attributes": {
            "check_if_service_has_usage_on_destroy": false,
            "disable_dependent_services": null,
            "disable_on_destroy": false,
            "id": "bookin-2b6dd/serviceusage.googleapis.com",
            "project": "bookin-2b6dd",
            "service": "serviceusage.googleapis.com",
            "timeouts": null
          },
          "sensitive_attributes": [],
          "private": "eyJlMmJmYjczMC1lY2FhLTExZTYtOGY4OC0zNDM2M2JjN2M0YzAiOnsiY3JlYXRlIjoxMjAwMDAwMDAwMDAwLCJkZWxldGUiOjEyMDAwMDAwMDAwMDAsInJlYWQiOjYwMDAwMDAwMDAwMCwidXBkYXRlIjoxMjAwMDAwMDAwMDAwfX0="
        }
      ]
    },
    {
      "mode": "managed",
      "type": "google_service_usage_consumer_quota_override",
      "name": "generativelanguage",
      "provider": "provider[\"registry.terraform.io/hashicorp/google-beta\"]",
      "instances": [
        {
          "schema_version": 0,
          "attributes": {
            "dimensions": null,
            "force": true,
            "id": "projects/bookin-2b6dd/services/generativelanguage.googleapis.com/consumerQuotaMetrics/generativelanguage.googleapis.com%2Fgenerate_requests_per_model/limits/%2Fmin%2Fmodel%2Fproject/consumerOverrides/Cg1RdW90YU92ZXJyaWRl",
            "limit": "%2Fmin%2Fmodel%2Fproject",
            "metric": "generativelanguage.googleapis.com%2Fgenerate_requests_per_model",
            "name": "Cg1RdW90YU92ZXJyaWRl",
            "override_value": "10",
            "project": "bookin-2b6dd",
            "service": "generativelanguage.googleapis.com",
            "timeouts": null
          },
          "sensitive_attributes": [],
          "private": "eyJlMmJmYjczMC1lY2FhLTExZTYtOGY4OC0zNDM2M2JjN2M0YzAiOnsiY3JlYXRlIjoxMjAwMDAwMDAwMDAwLCJkZWxldGUiOjEyMDAwMDAwMDAwMDAsInVwZGF0ZSI6MTIwMDAwMDAwMDAwMH19",
          "dependencies": [
            "google_project_service.services"
          ]
        }
      ]
    },
    {
      "mode": "managed",
      "type": "local_file",
      "name": "environment_ts",
      "provider": "provider[\"registry.terraform.io/hashicorp/local\"]",
      "instances": [
        {
          "schema_version": 0,
          "attributes": {
            "content": "export const environment = {\n  firebase: {\n      apiKey: 'AIzaSyCGsWq3-lelDyhyli_5v8nTygtqq8chMUg',\n      authDomain: 'bookin-2b6dd.firebaseapp.com',\n      databaseURL: '',\n      projectId: 'bookin-2b6dd',\n      storageBucket: 'bookin-2b6dd.firebasestorage.app',\n      messagingSenderId: '352556618351',\n      appId: '1:352556618351:web:3ff15b56a9cbae64e0b39a',\n      measurementId: '',\n  },\n  gemini_api_key: 'AIzaSyCIA7OO5Ib2LnQDf1Ug5vLDt8DtAfmQpP8',\n  debug_token: ''\n};",
            "content_base64": null,
            "content_base64sha256": "NpQ+d/keT+OF8k/B95+eeSlqy3vkv8TZ/bxXAy88G6Q=",
            "content_base64sha512": "dfG+LXhQIw0o+OM4o7TCcjZveZjXOt2bgbYfLMTMv0mKj+b7ZtBJsJUUItQecFk6FbdOAmI2prTi/0APCFDB0w==",
            "content_md5": "187e5e08c98325471774e7670c51da97",
            "content_sha1": "9c41067f6bb1d231f368c2dbd55987cecc9b76a0",
            "content_sha256": "36943e77f91e4fe385f24fc1f79f9e79296acb7be4bfc4d9fdbc57032f3c1ba4",
            "content_sha512": "75f1be2d7850230d28f8e338a3b4c272366f7998d73add9b81b61f2cc4ccbf498a8fe6fb66d049b0951422d41e70593a15b74e026236a6b4e2ff400f0850c1d3",
            "directory_permission": "0777",
            "file_permission": "0777",
            "filename": "./src/environments/environments.ts",
            "id": "9c41067f6bb1d231f368c2dbd55987cecc9b76a0",
            "sensitive_content": null,
            "source": null
          },
          "sensitive_attributes": [
            [
              {
                "type": "get_attr",
                "value": "content"
              }
            ]
          ],
          "dependencies": [
            "data.google_firebase_web_app_config.example",
            "data.google_project.project",
            "google_apikeys_key.generativelanguage",
            "google_firebase_web_app.example",
            "google_project_service.services"
          ]
        }
      ]
    },
    {
      "mode": "managed",
      "type": "local_file",
      "name": "firebaserc",
      "provider": "provider[\"registry.terraform.io/hashicorp/local\"]",
      "instances": [
        {
          "schema_version": 0,
          "attributes": {
            "content": "{\"projects\":{\"default\":\"bookin-2b6dd\"}}",
            "content_base64": null,
            "content_base64sha256": "JCcfsHLYZh6y+FK94+R8LI2RDF5IwpDjgSSn+xHaIoA=",
            "content_base64sha512": "9jELl0AzNjBtw5cnIyc9NeEdG44+4bi6WoZgCE+lXSGQPKD/aeicVgXnXUa3vrnNNFeNYq8eOGtJ8FFTlhpZ1A==",
            "content_md5": "d37a7dfcd3d6990ccdd2bf8f4506d68d",
            "content_sha1": "23e4e15f0489a58ac532a74a33c5f281da88d733",
            "content_sha256": "24271fb072d8661eb2f852bde3e47c2c8d910c5e48c290e38124a7fb11da2280",
            "content_sha512": "f6310b97403336306dc3972723273d35e11d1b8e3ee1b8ba5a8660084fa55d21903ca0ff69e89c5605e75d46b7beb9cd34578d62af1e386b49f05153961a59d4",
            "directory_permission": "0777",
            "file_permission": "0777",
            "filename": "./.firebaserc",
            "id": "23e4e15f0489a58ac532a74a33c5f281da88d733",
            "sensitive_content": null,
            "source": null
          },
          "sensitive_attributes": []
        }
      ]
    },
    {
      "mode": "managed",
      "type": "local_file",
      "name": "firestore_rules",
      "provider": "provider[\"registry.terraform.io/hashicorp/local\"]",
      "instances": [
        {
          "schema_version": 0,
          "attributes": {
            "content": "service cloud.firestore {\n  match /databases/{database}/documents/{document=**} {\n    allow read, write: if request.auth != null \u0026\u0026 request.time \u003c timestamp.date(2025, 5, 25);\n  }\n}\n",
            "content_base64": null,
            "content_base64sha256": "5iT3jgEyKthLA6TdCOgxutCdIJp9xCIXUYovWZNvFmg=",
            "content_base64sha512": "IUb+wLNLUJY0shSoIBNmW1N9N2g27/xTZirzKMiWwPOdZNzUJkuepb2clXjwDLZBr2KJ7RRc4iV0p+IuzEnr1w==",
            "content_md5": "ff2a323a02a97fdad07fd49ccca1cac9",
            "content_sha1": "5a6ba45fc0eec56ec085fab33b9d4e1b995629f6",
            "content_sha256": "e624f78e01322ad84b03a4dd08e831bad09d209a7dc42217518a2f59936f1668",
            "content_sha512": "2146fec0b34b509634b214a82013665b537d376836effc53662af328c896c0f39d64dcd4264b9ea5bd9c9578f00cb641af6289ed145ce22574a7e22ecc49ebd7",
            "directory_permission": "0777",
            "file_permission": "0777",
            "filename": "./firestore.rules",
            "id": "5a6ba45fc0eec56ec085fab33b9d4e1b995629f6",
            "sensitive_content": null,
            "source": null
          },
          "sensitive_attributes": []
        }
      ]
    }
  ],
  "check_results": null
}
